
Microsoft Visual Studio Solution File, Format Version 12.00
# Visual Studio 14
VisualStudioVersion = 14.0.25420.1
MinimumVisualStudioVersion = 10.0.40219.1
Project("{FAE04EC0-301F-11D3-BF4B-00C04F79EFBC}") = "Gurux.Net.CSharp.Example", "Gurux.Net.CSharp.Example.csproj", "{D6FEE28A-793D-444C-BD61-08EEF5E018C6}"
EndProject
Global
	GlobalSection(SolutionConfigurationPlatforms) = preSolution
		Debug|Any CPU = Debug|Any CPU
		Release|Any CPU = Release|Any CPU
	EndGlobalSection
	GlobalSection(ProjectConfigurationPlatforms) = postSolution
		{D6FEE28A-793D-444C-BD61-08EEF5E018C6}.Debug|Any CPU.ActiveCfg = Debug|Any CPU
		{D6FEE28A-793D-444C-BD61-08EEF5E018C6}.Debug|Any CPU.Build.0 = Debug|Any CPU
		{D6FEE28A-793D-444C-BD61-08EEF5E018C6}.Release|Any CPU.ActiveCfg = Release|Any CPU
		{D6FEE28A-793D-444C-BD61-08EEF5E018C6}.Release|Any CPU.Build.0 = Release|Any CPU
	EndGlobalSection
	GlobalSection(SolutionProperties) = preSolution
		HideSolutionNode = FALSE
	EndGlobalSection
EndGlobal
